// !$*UTF8*$!
{
	archiveVersion = 1;
	classes = {
	};
	objectVersion = 50;
	objects = {

/* Begin PBXBuildFile section */
		E34AFED92537448200C70DD8 /* AppDelegate.swift in Sources */ = {isa = PBXBuildFile; fileRef = E34AFED82537448200C70DD8 /* AppDelegate.swift */; };
		E34AFEDB2537448200C70DD8 /* SceneDelegate.swift in Sources */ = {isa = PBXBuildFile; fileRef = E34AFEDA2537448200C70DD8 /* SceneDelegate.swift */; };
		E34AFEE02537448200C70DD8 /* Main.storyboard in Resources */ = {isa = PBXBuildFile; fileRef = E34AFEDE2537448200C70DD8 /* Main.storyboard */; };
		E34AFEE32537448200C70DD8 /* PimmelApp_2_0.xcdatamodeld in Sources */ = {isa = PBXBuildFile; fileRef = E34AFEE12537448200C70DD8 /* PimmelApp_2_0.xcdatamodeld */; };
		E34AFEE52537448300C70DD8 /* Assets.xcassets in Resources */ = {isa = PBXBuildFile; fileRef = E34AFEE42537448300C70DD8 /* Assets.xcassets */; };
		E34AFEE82537448300C70DD8 /* LaunchScreen.storyboard in Resources */ = {isa = PBXBuildFile; fileRef = E34AFEE62537448300C70DD8 /* LaunchScreen.storyboard */; };
		E34AFEF32537448400C70DD8 /* PimmelApp_2_0Tests.swift in Sources */ = {isa = PBXBuildFile; fileRef = E34AFEF22537448400C70DD8 /* PimmelApp_2_0Tests.swift */; };
		E34AFEFE2537448400C70DD8 /* PimmelApp_2_0UITests.swift in Sources */ = {isa = PBXBuildFile; fileRef = E34AFEFD2537448400C70DD8 /* PimmelApp_2_0UITests.swift */; };
		E3C64A4025376974002CD2F5 /* PimmelController.swift in Sources */ = {isa = PBXBuildFile; fileRef = E3C64A3F25376974002CD2F5 /* PimmelController.swift */; };
/* End PBXBuildFile section */

/* Begin PBXContainerItemProxy section */
		E34AFEEF2537448400C70DD8 /* PBXContainerItemProxy */ = {
			isa = PBXContainerItemProxy;
			containerPortal = E34AFECD2537448200C70DD8 /* Project object */;
			proxyType = 1;
			remoteGlobalIDString = E34AFED42537448200C70DD8;
			remoteInfo = "PimmelApp 2.0";
		};
		E34AFEFA2537448400C70DD8 /* PBXContainerItemProxy */ = {
			isa = PBXContainerItemProxy;
			containerPortal = E34AFECD2537448200C70DD8 /* Project object */;
			proxyType = 1;
			remoteGlobalIDString = E34AFED42537448200C70DD8;
			remoteInfo = "PimmelApp 2.0";
		};
/* End PBXContainerItemProxy section */

/* Begin PBXFileReference section */
		E34AFED52537448200C70DD8 /* PimmelApp 2.0.app */ = {isa = PBXFileReference; explicitFileType = wrapper.application; includeInIndex = 0; path = "PimmelApp 2.0.app"; sourceTree = BUILT_PRODUCTS_DIR; };
		E34AFED82537448200C70DD8 /* AppDelegate.swift */ = {isa = PBXFileReference; lastKnownFileType = sourcecode.swift; path = AppDelegate.swift; sourceTree = "<group>"; };
		E34AFEDA2537448200C70DD8 /* SceneDelegate.swift */ = {isa = PBXFileReference; lastKnownFileType = sourcecode.swift; path = SceneDelegate.swift; sourceTree = "<group>"; };
		E34AFEDF2537448200C70DD8 /* Base */ = {isa = PBXFileReference; lastKnownFileType = file.storyboard; name = Base; path = Base.lproj/Main.storyboard; sourceTree = "<group>"; };
		E34AFEE22537448200C70DD8 /* PimmelApp_2_0.xcdatamodel */ = {isa = PBXFileReference; lastKnownFileType = wrapper.xcdatamodel; path = PimmelApp_2_0.xcdatamodel; sourceTree = "<group>"; };
		E34AFEE42537448300C70DD8 /* Assets.xcassets */ = {isa = PBXFileReference; lastKnownFileType = folder.assetcatalog; path = Assets.xcassets; sourceTree = "<group>"; };
		E34AFEE72537448300C70DD8 /* Base */ = {isa = PBXFileReference; lastKnownFileType = file.storyboard; name = Base; path = Base.lproj/LaunchScreen.storyboard; sourceTree = "<group>"; };
		E34AFEE92537448300C70DD8 /* Info.plist */ = {isa = PBXFileReference; lastKnownFileType = text.plist.xml; path = Info.plist; sourceTree = "<group>"; };
		E34AFEEE2537448400C70DD8 /* PimmelApp 2.0Tests.xctest */ = {isa = PBXFileReference; explicitFileType = wrapper.cfbundle; includeInIndex = 0; path = "PimmelApp 2.0Tests.xctest"; sourceTree = BUILT_PRODUCTS_DIR; };
		E34AFEF22537448400C70DD8 /* PimmelApp_2_0Tests.swift */ = {isa = PBXFileReference; lastKnownFileType = sourcecode.swift; path = PimmelApp_2_0Tests.swift; sourceTree = "<group>"; };
		E34AFEF42537448400C70DD8 /* Info.plist */ = {isa = PBXFileReference; lastKnownFileType = text.plist.xml; path = Info.plist; sourceTree = "<group>"; };
		E34AFEF92537448400C70DD8 /* PimmelApp 2.0UITests.xctest */ = {isa = PBXFileReference; explicitFileType = wrapper.cfbundle; includeInIndex = 0; path = "PimmelApp 2.0UITests.xctest"; sourceTree = BUILT_PRODUCTS_DIR; };
		E34AFEFD2537448400C70DD8 /* PimmelApp_2_0UITests.swift */ = {isa = PBXFileReference; lastKnownFileType = sourcecode.swift; path = PimmelApp_2_0UITests.swift; sourceTree = "<group>"; };
		E34AFEFF2537448400C70DD8 /* Info.plist */ = {isa = PBXFileReference; lastKnownFileType = text.plist.xml; path = Info.plist; sourceTree = "<group>"; };
		E3C64A3F25376974002CD2F5 /* PimmelController.swift */ = {isa = PBXFileReference; lastKnownFileType = sourcecode.swift; path = PimmelController.swift; sourceTree = "<group>"; };
/* End PBXFileReference section */

/* Begin PBXFrameworksBuildPhase section */
		E34AFED22537448200C70DD8 /* Frameworks */ = {
			isa = PBXFrameworksBuildPhase;
			buildActionMask = 2147483647;
			files = (
			);
			runOnlyForDeploymentPostprocessing = 0;
		};
		E34AFEEB2537448400C70DD8 /* Frameworks */ = {
			isa = PBXFrameworksBuildPhase;
			buildActionMask = 2147483647;
			files = (
			);
			runOnlyForDeploymentPostprocessing = 0;
		};
		E34AFEF62537448400C70DD8 /* Frameworks */ = {
			isa = PBXFrameworksBuildPhase;
			buildActionMask = 2147483647;
			files = (
			);
			runOnlyForDeploymentPostprocessing = 0;
		};
/* End PBXFrameworksBuildPhase section */

/* Begin PBXGroup section */
		E34AFECC2537448200C70DD8 = {
			isa = PBXGroup;
			children = (
				E34AFED72537448200C70DD8 /* PimmelApp 2.0 */,
				E34AFEF12537448400C70DD8 /* PimmelApp 2.0Tests */,
				E34AFEFC2537448400C70DD8 /* PimmelApp 2.0UITests */,
				E34AFED62537448200C70DD8 /* Products */,
			);
			sourceTree = "<group>";
		};
		E34AFED62537448200C70DD8 /* Products */ = {
			isa = PBXGroup;
			children = (
				E34AFED52537448200C70DD8 /* PimmelApp 2.0.app */,
				E34AFEEE2537448400C70DD8 /* PimmelApp 2.0Tests.xctest */,
				E34AFEF92537448400C70DD8 /* PimmelApp 2.0UITests.xctest */,
			);
			name = Products;
			sourceTree = "<group>";
		};
		E34AFED72537448200C70DD8 /* PimmelApp 2.0 */ = {
			isa = PBXGroup;
			children = (
				E34AFED82537448200C70DD8 /* AppDelegate.swift */,
				E34AFEDA2537448200C70DD8 /* SceneDelegate.swift */,
				E34AFEDE2537448200C70DD8 /* Main.storyboard */,
				E34AFEE42537448300C70DD8 /* Assets.xcassets */,
				E34AFEE62537448300C70DD8 /* LaunchScreen.storyboard */,
				E34AFEE92537448300C70DD8 /* Info.plist */,
				E34AFEE12537448200C70DD8 /* PimmelApp_2_0.xcdatamodeld */,
				E3C64A3F25376974002CD2F5 /* PimmelController.swift */,
			);
			path = "PimmelApp 2.0";
			sourceTree = "<group>";
		};
		E34AFEF12537448400C70DD8 /* PimmelApp 2.0Tests */ = {
			isa = PBXGroup;
			children = (
				E34AFEF22537448400C70DD8 /* PimmelApp_2_0Tests.swift */,
				E34AFEF42537448400C70DD8 /* Info.plist */,
			);
			path = "PimmelApp 2.0Tests";
			sourceTree = "<group>";
		};
		E34AFEFC2537448400C70DD8 /* PimmelApp 2.0UITests */ = {
			isa = PBXGroup;
			children = (
				E34AFEFD2537448400C70DD8 /* PimmelApp_2_0UITests.swift */,
				E34AFEFF2537448400C70DD8 /* Info.plist */,
			);
			path = "PimmelApp 2.0UITests";
			sourceTree = "<group>";
		};
/* End PBXGroup section */

/* Begin PBXNativeTarget section */
		E34AFED42537448200C70DD8 /* PimmelApp 2.0 */ = {
			isa = PBXNativeTarget;
			buildConfigurationList = E34AFF022537448400C70DD8 /* Build configuration list for PBXNativeTarget "PimmelApp 2.0" */;
			buildPhases = (
				E34AFED12537448200C70DD8 /* Sources */,
				E34AFED22537448200C70DD8 /* Frameworks */,
				E34AFED32537448200C70DD8 /* Resources */,
			);
			buildRules = (
			);
			dependencies = (
			);
			name = "PimmelApp 2.0";
			productName = "PimmelApp 2.0";
			productReference = E34AFED52537448200C70DD8 /* PimmelApp 2.0.app */;
			productType = "com.apple.product-type.application";
		};
		E34AFEED2537448400C70DD8 /* PimmelApp 2.0Tests */ = {
			isa = PBXNativeTarget;
			buildConfigurationList = E34AFF052537448400C70DD8 /* Build configuration list for PBXNativeTarget "PimmelApp 2.0Tests" */;
			buildPhases = (
				E34AFEEA2537448400C70DD8 /* Sources */,
				E34AFEEB2537448400C70DD8 /* Frameworks */,
				E34AFEEC2537448400C70DD8 /* Resources */,
			);
			buildRules = (
			);
			dependencies = (
				E34AFEF02537448400C70DD8 /* PBXTargetDependency */,
			);
			name = "PimmelApp 2.0Tests";
			productName = "PimmelApp 2.0Tests";
			productReference = E34AFEEE2537448400C70DD8 /* PimmelApp 2.0Tests.xctest */;
			productType = "com.apple.product-type.bundle.unit-test";
		};
		E34AFEF82537448400C70DD8 /* PimmelApp 2.0UITests */ = {
			isa = PBXNativeTarget;
			buildConfigurationList = E34AFF082537448400C70DD8 /* Build configuration list for PBXNativeTarget "PimmelApp 2.0UITests" */;
			buildPhases = (
				E34AFEF52537448400C70DD8 /* Sources */,
				E34AFEF62537448400C70DD8 /* Frameworks */,
				E34AFEF72537448400C70DD8 /* Resources */,
			);
			buildRules = (
			);
			dependencies = (
				E34AFEFB2537448400C70DD8 /* PBXTargetDependency */,
			);
			name = "PimmelApp 2.0UITests";
			productName = "PimmelApp 2.0UITests";
			productReference = E34AFEF92537448400C70DD8 /* PimmelApp 2.0UITests.xctest */;
			productType = "com.apple.product-type.bundle.ui-testing";
		};
/* End PBXNativeTarget section */

/* Begin PBXProject section */
		E34AFECD2537448200C70DD8 /* Project object */ = {
			isa = PBXProject;
			attributes = {
				LastSwiftUpdateCheck = 1200;
				LastUpgradeCheck = 1200;
				TargetAttributes = {
					E34AFED42537448200C70DD8 = {
						CreatedOnToolsVersion = 12.0.1;
					};
					E34AFEED2537448400C70DD8 = {
						CreatedOnToolsVersion = 12.0.1;
						TestTargetID = E34AFED42537448200C70DD8;
					};
					E34AFEF82537448400C70DD8 = {
						CreatedOnToolsVersion = 12.0.1;
						TestTargetID = E34AFED42537448200C70DD8;
					};
				};
			};
			buildConfigurationList = E34AFED02537448200C70DD8 /* Build configuration list for PBXProject "PimmelApp 2.0" */;
			compatibilityVersion = "Xcode 9.3";
			developmentRegion = en;
			hasScannedForEncodings = 0;
			knownRegions = (
				en,
				Base,
			);
			mainGroup = E34AFECC2537448200C70DD8;
			productRefGroup = E34AFED62537448200C70DD8 /* Products */;
			projectDirPath = "";
			projectRoot = "";
			targets = (
				E34AFED42537448200C70DD8 /* PimmelApp 2.0 */,
				E34AFEED2537448400C70DD8 /* PimmelApp 2.0Tests */,
				E34AFEF82537448400C70DD8 /* PimmelApp 2.0UITests */,
			);
		};
/* End PBXProject section */

/* Begin PBXResourcesBuildPhase section */
		E34AFED32537448200C70DD8 /* Resources */ = {
			isa = PBXResourcesBuildPhase;
			buildActionMask = 2147483647;
			files = (
				E34AFEE82537448300C70DD8 /* LaunchScreen.storyboard in Resources */,
				E34AFEE52537448300C70DD8 /* Assets.xcassets in Resources */,
				E34AFEE02537448200C70DD8 /* Main.storyboard in Resources */,
			);
			runOnlyForDeploymentPostprocessing = 0;
		};
		E34AFEEC2537448400C70DD8 /* Resources */ = {
			isa = PBXResourcesBuildPhase;
			buildActionMask = 2147483647;
			files = (
			);
			runOnlyForDeploymentPostprocessing = 0;
		};
		E34AFEF72537448400C70DD8 /* Resources */ = {
			isa = PBXResourcesBuildPhase;
			buildActionMask = 2147483647;
			files = (
			);
			runOnlyForDeploymentPostprocessing = 0;
		};
/* End PBXResourcesBuildPhase section */

/* Begin PBXSourcesBuildPhase section */
		E34AFED12537448200C70DD8 /* Sources */ = {
			isa = PBXSourcesBuildPhase;
			buildActionMask = 2147483647;
			files = (
				E34AFED92537448200C70DD8 /* AppDelegate.swift in Sources */,
				E3C64A4025376974002CD2F5 /* PimmelController.swift in Sources */,
				E34AFEDB2537448200C70DD8 /* SceneDelegate.swift in Sources */,
				E34AFEE32537448200C70DD8 /* PimmelApp_2_0.xcdatamodeld in Sources */,
			);
			runOnlyForDeploymentPostprocessing = 0;
		};
		E34AFEEA2537448400C70DD8 /* Sources */ = {
			isa = PBXSourcesBuildPhase;
			buildActionMask = 2147483647;
			files = (
				E34AFEF32537448400C70DD8 /* PimmelApp_2_0Tests.swift in Sources */,
			);
			runOnlyForDeploymentPostprocessing = 0;
		};
		E34AFEF52537448400C70DD8 /* Sources */ = {
			isa = PBXSourcesBuildPhase;
			buildActionMask = 2147483647;
			files = (
				E34AFEFE2537448400C70DD8 /* PimmelApp_2_0UITests.swift in Sources */,
			);
			runOnlyForDeploymentPostprocessing = 0;
		};
/* End PBXSourcesBuildPhase section */

/* Begin PBXTargetDependency section */
		E34AFEF02537448400C70DD8 /* PBXTargetDependency */ = {
			isa = PBXTargetDependency;
			target = E34AFED42537448200C70DD8 /* PimmelApp 2.0 */;
			targetProxy = E34AFEEF2537448400C70DD8 /* PBXContainerItemProxy */;
		};
		E34AFEFB2537448400C70DD8 /* PBXTargetDependency */ = {
			isa = PBXTargetDependency;
			target = E34AFED42537448200C70DD8 /* PimmelApp 2.0 */;
			targetProxy = E34AFEFA2537448400C70DD8 /* PBXContainerItemProxy */;
		};
/* End PBXTargetDependency section */

/* Begin PBXVariantGroup section */
		E34AFEDE2537448200C70DD8 /* Main.storyboard */ = {
			isa = PBXVariantGroup;
			children = (
				E34AFEDF2537448200C70DD8 /* Base */,
			);
			name = Main.storyboard;
			sourceTree = "<group>";
		};
		E34AFEE62537448300C70DD8 /* LaunchScreen.storyboard */ = {
			isa = PBXVariantGroup;
			children = (
				E34AFEE72537448300C70DD8 /* Base */,
			);
			name = LaunchScreen.storyboard;
			sourceTree = "<group>";
		};
/* End PBXVariantGroup section */

/* Begin XCBuildConfiguration section */
		E34AFF002537448400C70DD8 /* Debug */ = {
			isa = XCBuildConfiguration;
			buildSettings = {
				ALWAYS_SEARCH_USER_PATHS = NO;
				CLANG_ANALYZER_NONNULL = YES;
				CLANG_ANALYZER_NUMBER_OBJECT_CONVERSION = YES_AGGRESSIVE;
				CLANG_CXX_LANGUAGE_STANDARD = "gnu++14";
				CLANG_CXX_LIBRARY = "libc++";
				CLANG_ENABLE_MODULES = YES;
				CLANG_ENABLE_OBJC_ARC = YES;
				CLANG_ENABLE_OBJC_WEAK = YES;
				CLANG_WARN_BLOCK_CAPTURE_AUTORELEASING = YES;
				CLANG_WARN_BOOL_CONVERSION = YES;
				CLANG_WARN_COMMA = YES;
				CLANG_WARN_CONSTANT_CONVERSION = YES;
				CLANG_WARN_DEPRECATED_OBJC_IMPLEMENTATIONS = YES;
				CLANG_WARN_DIRECT_OBJC_ISA_USAGE = YES_ERROR;
				CLANG_WARN_DOCUMENTATION_COMMENTS = YES;
				CLANG_WARN_EMPTY_BODY = YES;
				CLANG_WARN_ENUM_CONVERSION = YES;
				CLANG_WARN_INFINITE_RECURSION = YES;
				CLANG_WARN_INT_CONVERSION = YES;
				CLANG_WARN_NON_LITERAL_NULL_CONVERSION = YES;
				CLANG_WARN_OBJC_IMPLICIT_RETAIN_SELF = YES;
				CLANG_WARN_OBJC_LITERAL_CONVERSION = YES;
				CLANG_WARN_OBJC_ROOT_CLASS = YES_ERROR;
				CLANG_WARN_QUOTED_INCLUDE_IN_FRAMEWORK_HEADER = YES;
				CLANG_WARN_RANGE_LOOP_ANALYSIS = YES;
				CLANG_WARN_STRICT_PROTOTYPES = YES;
				CLANG_WARN_SUSPICIOUS_MOVE = YES;
				CLANG_WARN_UNGUARDED_AVAILABILITY = YES_AGGRESSIVE;
				CLANG_WARN_UNREACHABLE_CODE = YES;
				CLANG_WARN__DUPLICATE_METHOD_MATCH = YES;
				COPY_PHASE_STRIP = NO;
				DEBUG_INFORMATION_FORMAT = dwarf;
				ENABLE_STRICT_OBJC_MSGSEND = YES;
				ENABLE_TESTABILITY = YES;
				GCC_C_LANGUAGE_STANDARD = gnu11;
				GCC_DYNAMIC_NO_PIC = NO;
				GCC_NO_COMMON_BLOCKS = YES;
				GCC_OPTIMIZATION_LEVEL = 0;
				GCC_PREPROCESSOR_DEFINITIONS = (
					"DEBUG=1",
					"$(inherited)",
				);
				GCC_WARN_64_TO_32_BIT_CONVERSION = YES;
				GCC_WARN_ABOUT_RETURN_TYPE = YES_ERROR;
				GCC_WARN_UNDECLARED_SELECTOR = YES;
				GCC_WARN_UNINITIALIZED_AUTOS = YES_AGGRESSIVE;
				GCC_WARN_UNUSED_FUNCTION = YES;
				GCC_WARN_UNUSED_VARIABLE = YES;
				IPHONEOS_DEPLOYMENT_TARGET = 14.0;
				MTL_ENABLE_DEBUG_INFO = INCLUDE_SOURCE;
				MTL_FAST_MATH = YES;
				ONLY_ACTIVE_ARCH = YES;
				SDKROOT = iphoneos;
				SWIFT_ACTIVE_COMPILATION_CONDITIONS = DEBUG;
				SWIFT_OPTIMIZATION_LEVEL = "-Onone";
			};
			name = Debug;
		};
		E34AFF012537448400C70DD8 /* Release */ = {
			isa = XCBuildConfiguration;
			buildSettings = {
				ALWAYS_SEARCH_USER_PATHS = NO;
				CLANG_ANALYZER_NONNULL = YES;
				CLANG_ANALYZER_NUMBER_OBJECT_CONVERSION = YES_AGGRESSIVE;
				CLANG_CXX_LANGUAGE_STANDARD = "gnu++14";
				CLANG_CXX_LIBRARY = "libc++";
				CLANG_ENABLE_MODULES = YES;
				CLANG_ENABLE_OBJC_ARC = YES;
				CLANG_ENABLE_OBJC_WEAK = YES;
				CLANG_WARN_BLOCK_CAPTURE_AUTORELEASING = YES;
				CLANG_WARN_BOOL_CONVERSION = YES;
				CLANG_WARN_COMMA = YES;
				CLANG_WARN_CONSTANT_CONVERSION = YES;
				CLANG_WARN_DEPRECATED_OBJC_IMPLEMENTATIONS = YES;
				CLANG_WARN_DIRECT_OBJC_ISA_USAGE = YES_ERROR;
				CLANG_WARN_DOCUMENTATION_COMMENTS = YES;
				CLANG_WARN_EMPTY_BODY = YES;
				CLANG_WARN_ENUM_CONVERSION = YES;
				CLANG_WARN_INFINITE_RECURSION = YES;
				CLANG_WARN_INT_CONVERSION = YES;
				CLANG_WARN_NON_LITERAL_NULL_CONVERSION = YES;
				CLANG_WARN_OBJC_IMPLICIT_RETAIN_SELF = YES;
				CLANG_WARN_OBJC_LITERAL_CONVERSION = YES;
				CLANG_WARN_OBJC_ROOT_CLASS = YES_ERROR;
				CLANG_WARN_QUOTED_INCLUDE_IN_FRAMEWORK_HEADER = YES;
				CLANG_WARN_RANGE_LOOP_ANALYSIS = YES;
				CLANG_WARN_STRICT_PROTOTYPES = YES;
				CLANG_WARN_SUSPICIOUS_MOVE = YES;
				CLANG_WARN_UNGUARDED_AVAILABILITY = YES_AGGRESSIVE;
				CLANG_WARN_UNREACHABLE_CODE = YES;
				CLANG_WARN__DUPLICATE_METHOD_MATCH = YES;
				COPY_PHASE_STRIP = NO;
				DEBUG_INFORMATION_FORMAT = "dwarf-with-dsym";
				ENABLE_NS_ASSERTIONS = NO;
				ENABLE_STRICT_OBJC_MSGSEND = YES;
				GCC_C_LANGUAGE_STANDARD = gnu11;
				GCC_NO_COMMON_BLOCKS = YES;
				GCC_WARN_64_TO_32_BIT_CONVERSION = YES;
				GCC_WARN_ABOUT_RETURN_TYPE = YES_ERROR;
				GCC_WARN_UNDECLARED_SELECTOR = YES;
				GCC_WARN_UNINITIALIZED_AUTOS = YES_AGGRESSIVE;
				GCC_WARN_UNUSED_FUNCTION = YES;
				GCC_WARN_UNUSED_VARIABLE = YES;
				IPHONEOS_DEPLOYMENT_TARGET = 14.0;
				MTL_ENABLE_DEBUG_INFO = NO;
				MTL_FAST_MATH = YES;
				SDKROOT = iphoneos;
				SWIFT_COMPILATION_MODE = wholemodule;
				SWIFT_OPTIMIZATION_LEVEL = "-O";
				VALIDATE_PRODUCT = YES;
			};
			name = Release;
		};
		E34AFF032537448400C70DD8 /* Debug */ = {
			isa = XCBuildConfiguration;
			buildSettings = {
				ASSETCATALOG_COMPILER_APPICON_NAME = AppIcon;
				ASSETCATALOG_COMPILER_GLOBAL_ACCENT_COLOR_NAME = AccentColor;
				CODE_SIGN_STYLE = Automatic;
				DEVELOPMENT_TEAM = NYNMVVGJVN;
				INFOPLIST_FILE = "PimmelApp 2.0/Info.plist";
				IPHONEOS_DEPLOYMENT_TARGET = 13.0;
				LD_RUNPATH_SEARCH_PATHS = (
					"$(inherited)",
					"@executable_path/Frameworks",
				);
				PRODUCT_BUNDLE_IDENTIFIER = "schnAPPsbrennerei.PimmelApp-2-0";
				PRODUCT_NAME = "$(TARGET_NAME)";
				SWIFT_VERSION = 5.0;
				TARGETED_DEVICE_FAMILY = "1,2";
			};
			name = Debug;
		};
		E34AFF042537448400C70DD8 /* Release */ = {
			isa = XCBuildConfiguration;
			buildSettings = {
				ASSETCATALOG_COMPILER_APPICON_NAME = AppIcon;
				ASSETCATALOG_COMPILER_GLOBAL_ACCENT_COLOR_NAME = AccentColor;
				CODE_SIGN_STYLE = Automatic;
				DEVELOPMENT_TEAM = NYNMVVGJVN;
				INFOPLIST_FILE = "PimmelApp 2.0/Info.plist";
				IPHONEOS_DEPLOYMENT_TARGET = 13.0;
				LD_RUNPATH_SEARCH_PATHS = (
					"$(inherited)",
					"@executable_path/Frameworks",
				);
				PRODUCT_BUNDLE_IDENTIFIER = "schnAPPsbrennerei.PimmelApp-2-0";
				PRODUCT_NAME = "$(TARGET_NAME)";
				SWIFT_VERSION = 5.0;
				TARGETED_DEVICE_FAMILY = "1,2";
			};
			name = Release;
		};
		E34AFF062537448400C70DD8 /* Debug */ = {
			isa = XCBuildConfiguration;
			buildSettings = {
				ALWAYS_EMBED_SWIFT_STANDARD_LIBRARIES = YES;
				BUNDLE_LOADER = "$(TEST_HOST)";
				CODE_SIGN_STYLE = Automatic;
				DEVELOPMENT_TEAM = NYNMVVGJVN;
				INFOPLIST_FILE = "PimmelApp 2.0Tests/Info.plist";
				IPHONEOS_DEPLOYMENT_TARGET = 14.0;
				LD_RUNPATH_SEARCH_PATHS = (
					"$(inherited)",
					"@executable_path/Frameworks",
					"@loader_path/Frameworks",
				);
				PRODUCT_BUNDLE_IDENTIFIER = "schnAPPsbrennerei.PimmelApp-2-0Tests";
				PRODUCT_NAME = "$(TARGET_NAME)";
				SWIFT_VERSION = 5.0;
				TARGETED_DEVICE_FAMILY = "1,2";
				TEST_HOST = "$(BUILT_PRODUCTS_DIR)/PimmelApp 2.0.app/PimmelApp 2.0";
			};
			name = Debug;
		};
		E34AFF072537448400C70DD8 /* Release */ = {
			isa = XCBuildConfiguration;
			buildSettings = {
				ALWAYS_EMBED_SWIFT_STANDARD_LIBRARIES = YES;
				BUNDLE_LOADER = "$(TEST_HOST)";
				CODE_SIGN_STYLE = Automatic;
				DEVELOPMENT_TEAM = NYNMVVGJVN;
				INFOPLIST_FILE = "PimmelApp 2.0Tests/Info.plist";
				IPHONEOS_DEPLOYMENT_TARGET = 14.0;
				LD_RUNPATH_SEARCH_PATHS = (
					"$(inherited)",
					"@executable_path/Frameworks",
					"@loader_path/Frameworks",
				);
				PRODUCT_BUNDLE_IDENTIFIER = "schnAPPsbrennerei.PimmelApp-2-0Tests";
				PRODUCT_NAME = "$(TARGET_NAME)";
				SWIFT_VERSION = 5.0;
				TARGETED_DEVICE_FAMILY = "1,2";
				TEST_HOST = "$(BUILT_PRODUCTS_DIR)/PimmelApp 2.0.app/PimmelApp 2.0";
			};
			name = Release;
		};
		E34AFF092537448400C70DD8 /* Debug */ = {
			isa = XCBuildConfiguration;
			buildSettings = {
				ALWAYS_EMBED_SWIFT_STANDARD_LIBRARIES = YES;
				CODE_SIGN_STYLE = Automatic;
				DEVELOPMENT_TEAM = NYNMVVGJVN;
				INFOPLIST_FILE = "PimmelApp 2.0UITests/Info.plist";
				LD_RUNPATH_SEARCH_PATHS = (
					"$(inherited)",
					"@executable_path/Frameworks",
					"@loader_path/Frameworks",
				);
				PRODUCT_BUNDLE_IDENTIFIER = "schnAPPsbrennerei.PimmelApp-2-0UITests";
				PRODUCT_NAME = "$(TARGET_NAME)";
				SWIFT_VERSION = 5.0;
				TARGETED_DEVICE_FAMILY = "1,2";
				TEST_TARGET_NAME = "PimmelApp 2.0";
			};
			name = Debug;
		};
		E34AFF0A2537448400C70DD8 /* Release */ = {
			isa = XCBuildConfiguration;
			buildSettings = {
				ALWAYS_EMBED_SWIFT_STANDARD_LIBRARIES = YES;
				CODE_SIGN_STYLE = Automatic;
				DEVELOPMENT_TEAM = NYNMVVGJVN;
				INFOPLIST_FILE = "PimmelApp 2.0UITests/Info.plist";
				LD_RUNPATH_SEARCH_PATHS = (
					"$(inherited)",
					"@executable_path/Frameworks",
					"@loader_path/Frameworks",
				);
				PRODUCT_BUNDLE_IDENTIFIER = "schnAPPsbrennerei.PimmelApp-2-0UITests";
				PRODUCT_NAME = "$(TARGET_NAME)";
				SWIFT_VERSION = 5.0;
				TARGETED_DEVICE_FAMILY = "1,2";
				TEST_TARGET_NAME = "PimmelApp 2.0";
			};
			name = Release;
		};
/* End XCBuildConfiguration section */

/* Begin XCConfigurationList section */
		E34AFED02537448200C70DD8 /* Build configuration list for PBXProject "PimmelApp 2.0" */ = {
			isa = XCConfigurationList;
			buildConfigurations = (
				E34AFF002537448400C70DD8 /* Debug */,
				E34AFF012537448400C70DD8 /* Release */,
			);
			defaultConfigurationIsVisible = 0;
			defaultConfigurationName = Release;
		};
		E34AFF022537448400C70DD8 /* Build configuration list for PBXNativeTarget "PimmelApp 2.0" */ = {
			isa = XCConfigurationList;
			buildConfigurations = (
				E34AFF032537448400C70DD8 /* Debug */,
				E34AFF042537448400C70DD8 /* Release */,
			);
			defaultConfigurationIsVisible = 0;
			defaultConfigurationName = Release;
		};
		E34AFF052537448400C70DD8 /* Build configuration list for PBXNativeTarget "PimmelApp 2.0Tests" */ = {
			isa = XCConfigurationList;
			buildConfigurations = (
				E34AFF062537448400C70DD8 /* Debug */,
				E34AFF072537448400C70DD8 /* Release */,
			);
			defaultConfigurationIsVisible = 0;
			defaultConfigurationName = Release;
		};
		E34AFF082537448400C70DD8 /* Build configuration list for PBXNativeTarget "PimmelApp 2.0UITests" */ = {
			isa = XCConfigurationList;
			buildConfigurations = (
				E34AFF092537448400C70DD8 /* Debug */,
				E34AFF0A2537448400C70DD8 /* Release */,
			);
			defaultConfigurationIsVisible = 0;
			defaultConfigurationName = Release;
		};
/* End XCConfigurationList section */

/* Begin XCVersionGroup section */
		E34AFEE12537448200C70DD8 /* PimmelApp_2_0.xcdatamodeld */ = {
			isa = XCVersionGroup;
			children = (
				E34AFEE22537448200C70DD8 /* PimmelApp_2_0.xcdatamodel */,
			);
			currentVersion = E34AFEE22537448200C70DD8 /* PimmelApp_2_0.xcdatamodel */;
			path = PimmelApp_2_0.xcdatamodeld;
			sourceTree = "<group>";
			versionGroupType = wrapper.xcdatamodel;
		};
/* End XCVersionGroup section */
	};
	rootObject = E34AFECD2537448200C70DD8 /* Project object */;
}
